
Microsoft Visual Studio Solution File, Format Version 12.00
# Visual Studio 15
VisualStudioVersion = 15.0.26430.12
MinimumVisualStudioVersion = 10.0.40219.1
Project("{FAE04EC0-301F-11D3-BF4B-00C04F79EFBC}") = "FileExtensionChanger.Lib", "FileExtensionChanger.Lib\FileExtensionChanger.Lib.csproj", "{89467AC7-4CB7-4ADC-95C9-DE7E4672FD51}"
EndProject
Project("{FAE04EC0-301F-11D3-BF4B-00C04F79EFBC}") = "FileExtensionChanger.UI.Windows", "FileExtensionChanger.UI.Windows\FileExtensionChanger.UI.Windows.csproj", "{E8E3493F-3014-44A0-A397-944BFE63663E}"
EndProject
Project("{FAE04EC0-301F-11D3-BF4B-00C04F79EFBC}") = "FileExtensionChanger.UI.Web", "FileExtensionChanger.UI.Web\FileExtensionChanger.UI.Web.csproj", "{7116A455-255C-4A76-8FDE-E77928B676E0}"
EndProject
Global
	GlobalSection(SolutionConfigurationPlatforms) = preSolution
		Debug|Any CPU = Debug|Any CPU
		Release|Any CPU = Release|Any CPU
	EndGlobalSection
	GlobalSection(ProjectConfigurationPlatforms) = postSolution
		{89467AC7-4CB7-4ADC-95C9-DE7E4672FD51}.Debug|Any CPU.ActiveCfg = Debug|Any CPU
		{89467AC7-4CB7-4ADC-95C9-DE7E4672FD51}.Debug|Any CPU.Build.0 = Debug|Any CPU
		{89467AC7-4CB7-4ADC-95C9-DE7E4672FD51}.Release|Any CPU.ActiveCfg = Release|Any CPU
		{89467AC7-4CB7-4ADC-95C9-DE7E4672FD51}.Release|Any CPU.Build.0 = Release|Any CPU
		{E8E3493F-3014-44A0-A397-944BFE63663E}.Debug|Any CPU.ActiveCfg = Debug|Any CPU
		{E8E3493F-3014-44A0-A397-944BFE63663E}.Debug|Any CPU.Build.0 = Debug|Any CPU
		{E8E3493F-3014-44A0-A397-944BFE63663E}.Release|Any CPU.ActiveCfg = Release|Any CPU
		{E8E3493F-3014-44A0-A397-944BFE63663E}.Release|Any CPU.Build.0 = Release|Any CPU
		{7116A455-255C-4A76-8FDE-E77928B676E0}.Debug|Any CPU.ActiveCfg = Debug|Any CPU
		{7116A455-255C-4A76-8FDE-E77928B676E0}.Debug|Any CPU.Build.0 = Debug|Any CPU
		{7116A455-255C-4A76-8FDE-E77928B676E0}.Release|Any CPU.ActiveCfg = Release|Any CPU
		{7116A455-255C-4A76-8FDE-E77928B676E0}.Release|Any CPU.Build.0 = Release|Any CPU
	EndGlobalSection
	GlobalSection(SolutionProperties) = preSolution
		HideSolutionNode = FALSE
	EndGlobalSection
EndGlobal
